
Microsoft Visual Studio Solution File, Format Version 12.00
# Visual Studio Version 16
VisualStudioVersion = 16.0.30804.86
MinimumVisualStudioVersion = 10.0.40219.1
Project("{FAE04EC0-301F-11D3-BF4B-00C04F79EFBC}") = "IziPiziString", "IziPiziString\IziPiziString.csproj", "{513EA150-32AD-4672-9181-E44D29A7E99A}"
EndProject
Global
	GlobalSection(SolutionConfigurationPlatforms) = preSolution
		Debug|Any CPU = Debug|Any CPU
		Release|Any CPU = Release|Any CPU
	EndGlobalSection
	GlobalSection(ProjectConfigurationPlatforms) = postSolution
		{513EA150-32AD-4672-9181-E44D29A7E99A}.Debug|Any CPU.ActiveCfg = Debug|Any CPU
		{513EA150-32AD-4672-9181-E44D29A7E99A}.Debug|Any CPU.Build.0 = Debug|Any CPU
		{513EA150-32AD-4672-9181-E44D29A7E99A}.Release|Any CPU.ActiveCfg = Release|Any CPU
		{513EA150-32AD-4672-9181-E44D29A7E99A}.Release|Any CPU.Build.0 = Release|Any CPU
	EndGlobalSection
	GlobalSection(SolutionProperties) = preSolution
		HideSolutionNode = FALSE
	EndGlobalSection
	GlobalSection(ExtensibilityGlobals) = postSolution
		SolutionGuid = {20156D81-CC2D-4157-98D5-63B032617850}
	EndGlobalSection
EndGlobal
